schema: '2.0'
stages:
  generate_data:
    cmd: python src/data/generate_dataset.py
    deps:
    - path: src/data/generate_dataset.py
      hash: md5
      md5: 0e96f82b17a66733062597dfa1861ac4
      size: 9217
    params:
      params.yaml:
        data.n_samples: 10000
        data.random_seed: 4
        data.spam_ratio: 0.6
    outs:
    - path: data/raw/emails.csv
      hash: md5
      md5: 13656a7ef390d99779c138e85573ac89
      size: 5816932
  clean_data:
    cmd: python src/data/clean_data.py
    deps:
    - path: data/raw/emails.csv
      hash: md5
      md5: 13656a7ef390d99779c138e85573ac89
      size: 5816932
    - path: src/data/clean_data.py
      hash: md5
      md5: b8ee709690c989f19d2bf8eac5299dab
      size: 4526
    - path: src/utils/text_utils.py
      hash: md5
      md5: f6efe943d27a9930b1c8224b4de0f22c
      size: 2900
    params:
      params.yaml:
        cleaning:
          min_text_length: 10
          max_text_length: 4000
          remove_urls: true
          remove_html: true
          remove_special_chars: true
          lowercase: true
        data.random_seed: 4
        data.test_size: 0.2
        data.val_size: 0.1
    outs:
    - path: data/interim/test.csv
      hash: md5
      md5: 88bc454e41cae654a014545c69a3f55b
      size: 1747138
    - path: data/interim/train.csv
      hash: md5
      md5: 40b49d660aecbdec32ba1f7bf978e7e2
      size: 6125769
    - path: data/interim/val.csv
      hash: md5
      md5: ee4ec241b53a3cdeced4c0e5fd834293
      size: 873728
    - path: reports/metrics/cleaning_stats.json
      hash: md5
      md5: 3d79abd34eaf153251ebd67d39b15911
      size: 268
  build_features:
    cmd: python src/features/build_features.py
    deps:
    - path: data/interim/test.csv
      hash: md5
      md5: 88bc454e41cae654a014545c69a3f55b
      size: 1747138
    - path: data/interim/train.csv
      hash: md5
      md5: 40b49d660aecbdec32ba1f7bf978e7e2
      size: 6125769
    - path: data/interim/val.csv
      hash: md5
      md5: ee4ec241b53a3cdeced4c0e5fd834293
      size: 873728
    - path: src/features/build_features.py
      hash: md5
      md5: d267f31cc1494129a9106267a8f5797c
      size: 5968
    - path: src/utils/text_utils.py
      hash: md5
      md5: f6efe943d27a9930b1c8224b4de0f22c
      size: 2900
    params:
      params.yaml:
        features:
          tfidf:
            max_features: 4000
            ngram_range:
            - 1
            - 2
            min_df: 2
            max_df: 0.95
            sublinear_tf: true
          extra_features:
          - text_length
          - word_count
          - exclamation_count
          - uppercase_ratio
          - url_count
          - digit_ratio
          - special_char_count
          selection:
            method: chi2
            k_best: 3000
    outs:
    - path: data/processed/X_test.npy
      hash: md5
      md5: 86552024da232eea49fadb4f7e76419e
      size: 47376128
    - path: data/processed/X_train.npy
      hash: md5
      md5: f12c00b13be9b6401fb19f7fdf7176cb
      size: 165792128
    - path: data/processed/X_val.npy
      hash: md5
      md5: 28257a8663a04f3c278017072cb2a0ac
      size: 23688128
    - path: data/processed/y_test.npy
      hash: md5
      md5: ff4b580c2e4f8dd2d18e96400d3336f3
      size: 15920
    - path: data/processed/y_train.npy
      hash: md5
      md5: 95dd1d9a174d6c758edce3f6ddcc1535
      size: 55392
    - path: data/processed/y_val.npy
      hash: md5
      md5: 2fc822614d4fa1f3ad1c0f8b7ec02867
      size: 8024
    - path: models/baseline/feature_selector.pkl
      hash: md5
      md5: 77e5ff4b1424d7ef2adf1db61794be89
      size: 60975
    - path: models/baseline/tfidf_vectorizer.pkl
      hash: md5
      md5: 8d0c5daad187e83a907b2216f3c37b46
      size: 146449
  train_baseline:
    cmd: python src/models/train_baseline.py
    deps:
    - path: data/processed/X_train.npy
      hash: md5
      md5: f12c00b13be9b6401fb19f7fdf7176cb
      size: 165792128
    - path: data/processed/X_val.npy
      hash: md5
      md5: 28257a8663a04f3c278017072cb2a0ac
      size: 23688128
    - path: data/processed/y_train.npy
      hash: md5
      md5: 95dd1d9a174d6c758edce3f6ddcc1535
      size: 55392
    - path: data/processed/y_val.npy
      hash: md5
      md5: 2fc822614d4fa1f3ad1c0f8b7ec02867
      size: 8024
    - path: src/models/evaluate.py
      hash: md5
      md5: b125299b6817a8dae6ebf8d4a540bd7b
      size: 3695
    - path: src/models/train_baseline.py
      hash: md5
      md5: 65e4e975f1e649462a1f0f9af523458c
      size: 3798
    params:
      params.yaml:
        baseline:
          model: naive_bayes
          min_accuracy: 0.9
        mlflow:
          experiment_name: spam_detection
          tracking_uri: mlruns
    outs:
    - path: models/baseline/model.pkl
      hash: md5
      md5: b3403859f94120a0711d77bff727c518
      size: 120855
    - path: reports/metrics/baseline_metrics.json
      hash: md5
      md5: a4867c8aed9591dea6e0e878c27e5393
      size: 156
  compare_models:
    cmd: python src/models/compare_models.py
    deps:
    - path: data/processed/X_train.npy
      hash: md5
      md5: f12c00b13be9b6401fb19f7fdf7176cb
      size: 165792128
    - path: data/processed/X_val.npy
      hash: md5
      md5: 28257a8663a04f3c278017072cb2a0ac
      size: 23688128
    - path: data/processed/y_train.npy
      hash: md5
      md5: 95dd1d9a174d6c758edce3f6ddcc1535
      size: 55392
    - path: data/processed/y_val.npy
      hash: md5
      md5: 2fc822614d4fa1f3ad1c0f8b7ec02867
      size: 8024
    - path: src/models/compare_models.py
      hash: md5
      md5: 52a18e91764d0e59a4cb4aab0ff51c74
      size: 5011
    - path: src/models/evaluate.py
      hash: md5
      md5: b125299b6817a8dae6ebf8d4a540bd7b
      size: 3695
    params:
      params.yaml:
        mlflow:
          experiment_name: spam_detection
          tracking_uri: mlruns
        models:
          naive_bayes:
            alpha: 1.0
          logistic_regression:
            C: 1.0
            max_iter: 1000
            solver: lbfgs
          random_forest:
            n_estimators: 100
            max_depth:
            random_state: 42
          gradient_boosting:
            n_estimators: 100
            learning_rate: 0.1
            max_depth: 3
            random_state: 42
          svm:
            C: 1.0
            kernel: linear
            probability: true
    outs:
    - path: reports/figures/model_comparison.png
      hash: md5
      md5: c581b73cbdd11fd219d17186a4f6a9f2
      size: 58190
    - path: reports/metrics/model_comparison.json
      hash: md5
      md5: 6c733a6169d9db784e63d518dcb0888b
      size: 942
  tune_best_model:
    cmd: python src/models/tune_model.py
    deps:
    - path: data/processed/X_test.npy
      hash: md5
      md5: 86552024da232eea49fadb4f7e76419e
      size: 47376128
    - path: data/processed/X_train.npy
      hash: md5
      md5: f12c00b13be9b6401fb19f7fdf7176cb
      size: 165792128
    - path: data/processed/X_val.npy
      hash: md5
      md5: 28257a8663a04f3c278017072cb2a0ac
      size: 23688128
    - path: data/processed/y_test.npy
      hash: md5
      md5: ff4b580c2e4f8dd2d18e96400d3336f3
      size: 15920
    - path: data/processed/y_train.npy
      hash: md5
      md5: 95dd1d9a174d6c758edce3f6ddcc1535
      size: 55392
    - path: data/processed/y_val.npy
      hash: md5
      md5: 2fc822614d4fa1f3ad1c0f8b7ec02867
      size: 8024
    - path: reports/metrics/model_comparison.json
      hash: md5
      md5: 6c733a6169d9db784e63d518dcb0888b
      size: 942
    - path: src/models/evaluate.py
      hash: md5
      md5: b125299b6817a8dae6ebf8d4a540bd7b
      size: 3695
    - path: src/models/tune_model.py
      hash: md5
      md5: 7bc37316d5d46f0a6248635dbd35301b
      size: 8699
    params:
      params.yaml:
        mlflow:
          experiment_name: spam_detection
          tracking_uri: mlruns
        tuning:
          n_iter: 30
          cv: 5
          scoring: f1
          n_jobs: -1
    outs:
    - path: models/production/model.pkl
      hash: md5
      md5: 3e3dfbf4da2906a4c322dd12f6b29d76
      size: 120903
    - path: models/production/model_metadata.json
      hash: md5
      md5: deb6224016ba2f788ef0c60819cf8258
      size: 298
    - path: reports/figures/confusion_matrix.png
      hash: md5
      md5: b9134546d237cb1ba87f02d428c718cd
      size: 26806
    - path: reports/figures/feature_importance.png
      hash: md5
      md5: 869e83d355f527c77ca5b200df063f6e
      size: 50285
    - path: reports/figures/roc_curve.png
      hash: md5
      md5: b978a3c444c1001436c8013921864bc8
      size: 36580
    - path: reports/metrics/final_metrics.json
      hash: md5
      md5: 313ada205f1b40a87e598addf7c00848
      size: 220
